
Microsoft Visual Studio Solution File, Format Version 12.00
# Visual Studio Version 16
VisualStudioVersion = 16.0.31019.35
MinimumVisualStudioVersion = 10.0.40219.1
Project("{FAE04EC0-301F-11D3-BF4B-00C04F79EFBC}") = "NetworkingMoment", "NetworkingMoment\NetworkingMoment.csproj", "{3C2D5AFC-4364-4476-BA3A-B0EE69071250}"
EndProject
Project("{FAE04EC0-301F-11D3-BF4B-00C04F79EFBC}") = "ServingYourOwnGamesItsEasierThanYouThink", "ServingYourOwnGamesItsEasierThanYouThink\ServingYourOwnGamesItsEasierThanYouThink.csproj", "{4DFCD828-84EA-43EB-9B8A-ACC61E895FB1}"
EndProject
Global
	GlobalSection(SolutionConfigurationPlatforms) = preSolution
		Debug|Any CPU = Debug|Any CPU
		Release|Any CPU = Release|Any CPU
	EndGlobalSection
	GlobalSection(ProjectConfigurationPlatforms) = postSolution
		{3C2D5AFC-4364-4476-BA3A-B0EE69071250}.Debug|Any CPU.ActiveCfg = Debug|Any CPU
		{3C2D5AFC-4364-4476-BA3A-B0EE69071250}.Debug|Any CPU.Build.0 = Debug|Any CPU
		{3C2D5AFC-4364-4476-BA3A-B0EE69071250}.Release|Any CPU.ActiveCfg = Release|Any CPU
		{3C2D5AFC-4364-4476-BA3A-B0EE69071250}.Release|Any CPU.Build.0 = Release|Any CPU
		{4DFCD828-84EA-43EB-9B8A-ACC61E895FB1}.Debug|Any CPU.ActiveCfg = Debug|Any CPU
		{4DFCD828-84EA-43EB-9B8A-ACC61E895FB1}.Debug|Any CPU.Build.0 = Debug|Any CPU
		{4DFCD828-84EA-43EB-9B8A-ACC61E895FB1}.Release|Any CPU.ActiveCfg = Release|Any CPU
		{4DFCD828-84EA-43EB-9B8A-ACC61E895FB1}.Release|Any CPU.Build.0 = Release|Any CPU
	EndGlobalSection
	GlobalSection(SolutionProperties) = preSolution
		HideSolutionNode = FALSE
	EndGlobalSection
	GlobalSection(ExtensibilityGlobals) = postSolution
		SolutionGuid = {C612A3C8-9EF8-462E-83AB-58E49B4EB353}
	EndGlobalSection
EndGlobal
